// !$*UTF8*$!
{
	archiveVersion = 1;
	classes = {
	};
	objectVersion = 46;
	objects = {

/* Begin PBXBuildFile section */
		36ACCADB19A7E48500AA29D4 /* KeyNode.m in Sources */ = {isa = PBXBuildFile; fileRef = 36ACCADA19A7E48500AA29D4 /* KeyNode.m */; };
		36ACCADE19A7E96700AA29D4 /* RotorNode.m in Sources */ = {isa = PBXBuildFile; fileRef = 36ACCADD19A7E96700AA29D4 /* RotorNode.m */; };
		36ACCAE119A7EB3600AA29D4 /* TileNode.m in Sources */ = {isa = PBXBuildFile; fileRef = 36ACCAE019A7EB3600AA29D4 /* TileNode.m */; };
		36ACCAE419A90D2700AA29D4 /* MenuScene.m in Sources */ = {isa = PBXBuildFile; fileRef = 36ACCAE319A90D2700AA29D4 /* MenuScene.m */; };
		36ACCB3F19A99DA700AA29D4 /* CreditsScene.m in Sources */ = {isa = PBXBuildFile; fileRef = 36ACCB3E19A99DA700AA29D4 /* CreditsScene.m */; };
		36ACCB4219A99DB600AA29D4 /* ProfileScene.m in Sources */ = {isa = PBXBuildFile; fileRef = 36ACCB4119A99DB600AA29D4 /* ProfileScene.m */; };
		36ACCB4519ABC16100AA29D4 /* WinConditionScene.m in Sources */ = {isa = PBXBuildFile; fileRef = 36ACCB4419ABC16100AA29D4 /* WinConditionScene.m */; };
		36ACCB4719AE257000AA29D4 /* CryptoImages.atlas in Resources */ = {isa = PBXBuildFile; fileRef = 36ACCB4619AE257000AA29D4 /* CryptoImages.atlas */; };
		36B7E2E119A7DCE900BFFECC /* Foundation.framework in Frameworks */ = {isa = PBXBuildFile; fileRef = 36B7E2E019A7DCE900BFFECC /* Foundation.framework */; };
		36B7E2E319A7DCE900BFFECC /* CoreGraphics.framework in Frameworks */ = {isa = PBXBuildFile; fileRef = 36B7E2E219A7DCE900BFFECC /* CoreGraphics.framework */; };
		36B7E2E519A7DCE900BFFECC /* UIKit.framework in Frameworks */ = {isa = PBXBuildFile; fileRef = 36B7E2E419A7DCE900BFFECC /* UIKit.framework */; };
		36B7E2E719A7DCE900BFFECC /* SpriteKit.framework in Frameworks */ = {isa = PBXBuildFile; fileRef = 36B7E2E619A7DCE900BFFECC /* SpriteKit.framework */; };
		36B7E2ED19A7DCE900BFFECC /* InfoPlist.strings in Resources */ = {isa = PBXBuildFile; fileRef = 36B7E2EB19A7DCE900BFFECC /* InfoPlist.strings */; };
		36B7E2EF19A7DCE900BFFECC /* main.m in Sources */ = {isa = PBXBuildFile; fileRef = 36B7E2EE19A7DCE900BFFECC /* main.m */; };
		36B7E2F319A7DCE900BFFECC /* AppDelegate.m in Sources */ = {isa = PBXBuildFile; fileRef = 36B7E2F219A7DCE900BFFECC /* AppDelegate.m */; };
		36B7E2F619A7DCE900BFFECC /* Main.storyboard in Resources */ = {isa = PBXBuildFile; fileRef = 36B7E2F419A7DCE900BFFECC /* Main.storyboard */; };
		36B7E2F919A7DCE900BFFECC /* ViewController.m in Sources */ = {isa = PBXBuildFile; fileRef = 36B7E2F819A7DCE900BFFECC /* ViewController.m */; };
		36B7E30019A7DCE900BFFECC /* Images.xcassets in Resources */ = {isa = PBXBuildFile; fileRef = 36B7E2FF19A7DCE900BFFECC /* Images.xcassets */; };
		36B7E30719A7DCE900BFFECC /* XCTest.framework in Frameworks */ = {isa = PBXBuildFile; fileRef = 36B7E30619A7DCE900BFFECC /* XCTest.framework */; };
		36B7E30819A7DCE900BFFECC /* Foundation.framework in Frameworks */ = {isa = PBXBuildFile; fileRef = 36B7E2E019A7DCE900BFFECC /* Foundation.framework */; };
		36B7E30919A7DCE900BFFECC /* UIKit.framework in Frameworks */ = {isa = PBXBuildFile; fileRef = 36B7E2E419A7DCE900BFFECC /* UIKit.framework */; };
		36B7E31119A7DCE900BFFECC /* InfoPlist.strings in Resources */ = {isa = PBXBuildFile; fileRef = 36B7E30F19A7DCE900BFFECC /* InfoPlist.strings */; };
		36B7E31319A7DCE900BFFECC /* Crypto_TestTests.m in Sources */ = {isa = PBXBuildFile; fileRef = 36B7E31219A7DCE900BFFECC /* Crypto_TestTests.m */; };
		36B7E31E19A7DD1C00BFFECC /* TitleScene.m in Sources */ = {isa = PBXBuildFile; fileRef = 36B7E31D19A7DD1C00BFFECC /* TitleScene.m */; };
		36B7E32119A7DF8A00BFFECC /* MainGameScene.m in Sources */ = {isa = PBXBuildFile; fileRef = 36B7E32019A7DF8A00BFFECC /* MainGameScene.m */; };
/* End PBXBuildFile section */

/* Begin PBXContainerItemProxy section */
		36B7E30A19A7DCE900BFFECC /* PBXContainerItemProxy */ = {
			isa = PBXContainerItemProxy;
			containerPortal = 36B7E2D519A7DCE900BFFECC /* Project object */;
			proxyType = 1;
			remoteGlobalIDString = 36B7E2DC19A7DCE900BFFECC;
			remoteInfo = Crypto_Test;
		};
/* End PBXContainerItemProxy section */

/* Begin PBXFileReference section */
		36ACCAD919A7E48500AA29D4 /* KeyNode.h */ = {isa = PBXFileReference; fileEncoding = 4; lastKnownFileType = sourcecode.c.h; path = KeyNode.h; sourceTree = "<group>"; };
		36ACCADA19A7E48500AA29D4 /* KeyNode.m */ = {isa = PBXFileReference; fileEncoding = 4; lastKnownFileType = sourcecode.c.objc; path = KeyNode.m; sourceTree = "<group>"; };
		36ACCADC19A7E96700AA29D4 /* RotorNode.h */ = {isa = PBXFileReference; fileEncoding = 4; lastKnownFileType = sourcecode.c.h; path = RotorNode.h; sourceTree = "<group>"; };
		36ACCADD19A7E96700AA29D4 /* RotorNode.m */ = {isa = PBXFileReference; fileEncoding = 4; lastKnownFileType = sourcecode.c.objc; path = RotorNode.m; sourceTree = "<group>"; };
		36ACCADF19A7EB3600AA29D4 /* TileNode.h */ = {isa = PBXFileReference; fileEncoding = 4; lastKnownFileType = sourcecode.c.h; path = TileNode.h; sourceTree = "<group>"; };
		36ACCAE019A7EB3600AA29D4 /* TileNode.m */ = {isa = PBXFileReference; fileEncoding = 4; lastKnownFileType = sourcecode.c.objc; path = TileNode.m; sourceTree = "<group>"; };
		36ACCAE219A90D2700AA29D4 /* MenuScene.h */ = {isa = PBXFileReference; fileEncoding = 4; lastKnownFileType = sourcecode.c.h; path = MenuScene.h; sourceTree = "<group>"; };
		36ACCAE319A90D2700AA29D4 /* MenuScene.m */ = {isa = PBXFileReference; fileEncoding = 4; lastKnownFileType = sourcecode.c.objc; path = MenuScene.m; sourceTree = "<group>"; };
		36ACCB3D19A99DA700AA29D4 /* CreditsScene.h */ = {isa = PBXFileReference; fileEncoding = 4; lastKnownFileType = sourcecode.c.h; path = CreditsScene.h; sourceTree = "<group>"; };
		36ACCB3E19A99DA700AA29D4 /* CreditsScene.m */ = {isa = PBXFileReference; fileEncoding = 4; lastKnownFileType = sourcecode.c.objc; path = CreditsScene.m; sourceTree = "<group>"; };
		36ACCB4019A99DB600AA29D4 /* ProfileScene.h */ = {isa = PBXFileReference; fileEncoding = 4; lastKnownFileType = sourcecode.c.h; path = ProfileScene.h; sourceTree = "<group>"; };
		36ACCB4119A99DB600AA29D4 /* ProfileScene.m */ = {isa = PBXFileReference; fileEncoding = 4; lastKnownFileType = sourcecode.c.objc; path = ProfileScene.m; sourceTree = "<group>"; };
		36ACCB4319ABC16100AA29D4 /* WinConditionScene.h */ = {isa = PBXFileReference; fileEncoding = 4; lastKnownFileType = sourcecode.c.h; path = WinConditionScene.h; sourceTree = "<group>"; };
		36ACCB4419ABC16100AA29D4 /* WinConditionScene.m */ = {isa = PBXFileReference; fileEncoding = 4; lastKnownFileType = sourcecode.c.objc; path = WinConditionScene.m; sourceTree = "<group>"; };
		36ACCB4619AE257000AA29D4 /* CryptoImages.atlas */ = {isa = PBXFileReference; lastKnownFileType = folder.skatlas; path = CryptoImages.atlas; sourceTree = "<group>"; };
		36B7E2DD19A7DCE900BFFECC /* Crypto_Test.app */ = {isa = PBXFileReference; explicitFileType = wrapper.application; includeInIndex = 0; path = Crypto_Test.app; sourceTree = BUILT_PRODUCTS_DIR; };
		36B7E2E019A7DCE900BFFECC /* Foundation.framework */ = {isa = PBXFileReference; lastKnownFileType = wrapper.framework; name = Foundation.framework; path = System/Library/Frameworks/Foundation.framework; sourceTree = SDKROOT; };
		36B7E2E219A7DCE900BFFECC /* CoreGraphics.framework */ = {isa = PBXFileReference; lastKnownFileType = wrapper.framework; name = CoreGraphics.framework; path = System/Library/Frameworks/CoreGraphics.framework; sourceTree = SDKROOT; };
		36B7E2E419A7DCE900BFFECC /* UIKit.framework */ = {isa = PBXFileReference; lastKnownFileType = wrapper.framework; name = UIKit.framework; path = System/Library/Frameworks/UIKit.framework; sourceTree = SDKROOT; };
		36B7E2E619A7DCE900BFFECC /* SpriteKit.framework */ = {isa = PBXFileReference; lastKnownFileType = wrapper.framework; name = SpriteKit.framework; path = System/Library/Frameworks/SpriteKit.framework; sourceTree = SDKROOT; };
		36B7E2EA19A7DCE900BFFECC /* Crypto_Test-Info.plist */ = {isa = PBXFileReference; lastKnownFileType = text.plist.xml; path = "Crypto_Test-Info.plist"; sourceTree = "<group>"; };
		36B7E2EC19A7DCE900BFFECC /* en */ = {isa = PBXFileReference; lastKnownFileType = text.plist.strings; name = en; path = en.lproj/InfoPlist.strings; sourceTree = "<group>"; };
		36B7E2EE19A7DCE900BFFECC /* main.m */ = {isa = PBXFileReference; lastKnownFileType = sourcecode.c.objc; path = main.m; sourceTree = "<group>"; };
		36B7E2F019A7DCE900BFFECC /* Crypto_Test-Prefix.pch */ = {isa = PBXFileReference; lastKnownFileType = sourcecode.c.h; path = "Crypto_Test-Prefix.pch"; sourceTree = "<group>"; };
		36B7E2F119A7DCE900BFFECC /* AppDelegate.h */ = {isa = PBXFileReference; lastKnownFileType = sourcecode.c.h; path = AppDelegate.h; sourceTree = "<group>"; };
		36B7E2F219A7DCE900BFFECC /* AppDelegate.m */ = {isa = PBXFileReference; lastKnownFileType = sourcecode.c.objc; path = AppDelegate.m; sourceTree = "<group>"; };
		36B7E2F519A7DCE900BFFECC /* Base */ = {isa = PBXFileReference; lastKnownFileType = file.storyboard; name = Base; path = Base.lproj/Main.storyboard; sourceTree = "<group>"; };
		36B7E2F719A7DCE900BFFECC /* ViewController.h */ = {isa = PBXFileReference; lastKnownFileType = sourcecode.c.h; path = ViewController.h; sourceTree = "<group>"; };
		36B7E2F819A7DCE900BFFECC /* ViewController.m */ = {isa = PBXFileReference; lastKnownFileType = sourcecode.c.objc; path = ViewController.m; sourceTree = "<group>"; };
		36B7E2FF19A7DCE900BFFECC /* Images.xcassets */ = {isa = PBXFileReference; lastKnownFileType = folder.assetcatalog; path = Images.xcassets; sourceTree = "<group>"; };
		36B7E30519A7DCE900BFFECC /* Crypto_TestTests.xctest */ = {isa = PBXFileReference; explicitFileType = wrapper.cfbundle; includeInIndex = 0; path = Crypto_TestTests.xctest; sourceTree = BUILT_PRODUCTS_DIR; };
		36B7E30619A7DCE900BFFECC /* XCTest.framework */ = {isa = PBXFileReference; lastKnownFileType = wrapper.framework; name = XCTest.framework; path = Library/Frameworks/XCTest.framework; sourceTree = DEVELOPER_DIR; };
		36B7E30E19A7DCE900BFFECC /* Crypto_TestTests-Info.plist */ = {isa = PBXFileReference; lastKnownFileType = text.plist.xml; path = "Crypto_TestTests-Info.plist"; sourceTree = "<group>"; };
		36B7E31019A7DCE900BFFECC /* en */ = {isa = PBXFileReference; lastKnownFileType = text.plist.strings; name = en; path = en.lproj/InfoPlist.strings; sourceTree = "<group>"; };
		36B7E31219A7DCE900BFFECC /* Crypto_TestTests.m */ = {isa = PBXFileReference; lastKnownFileType = sourcecode.c.objc; path = Crypto_TestTests.m; sourceTree = "<group>"; };
		36B7E31C19A7DD1C00BFFECC /* TitleScene.h */ = {isa = PBXFileReference; fileEncoding = 4; lastKnownFileType = sourcecode.c.h; path = TitleScene.h; sourceTree = "<group>"; };
		36B7E31D19A7DD1C00BFFECC /* TitleScene.m */ = {isa = PBXFileReference; fileEncoding = 4; lastKnownFileType = sourcecode.c.objc; path = TitleScene.m; sourceTree = "<group>"; };
		36B7E31F19A7DF8A00BFFECC /* MainGameScene.h */ = {isa = PBXFileReference; fileEncoding = 4; lastKnownFileType = sourcecode.c.h; path = MainGameScene.h; sourceTree = "<group>"; };
		36B7E32019A7DF8A00BFFECC /* MainGameScene.m */ = {isa = PBXFileReference; fileEncoding = 4; lastKnownFileType = sourcecode.c.objc; path = MainGameScene.m; sourceTree = "<group>"; };
/* End PBXFileReference section */

/* Begin PBXFrameworksBuildPhase section */
		36B7E2DA19A7DCE900BFFECC /* Frameworks */ = {
			isa = PBXFrameworksBuildPhase;
			buildActionMask = 2147483647;
			files = (
				36B7E2E319A7DCE900BFFECC /* CoreGraphics.framework in Frameworks */,
				36B7E2E519A7DCE900BFFECC /* UIKit.framework in Frameworks */,
				36B7E2E719A7DCE900BFFECC /* SpriteKit.framework in Frameworks */,
				36B7E2E119A7DCE900BFFECC /* Foundation.framework in Frameworks */,
			);
			runOnlyForDeploymentPostprocessing = 0;
		};
		36B7E30219A7DCE900BFFECC /* Frameworks */ = {
			isa = PBXFrameworksBuildPhase;
			buildActionMask = 2147483647;
			files = (
				36B7E30719A7DCE900BFFECC /* XCTest.framework in Frameworks */,
				36B7E30919A7DCE900BFFECC /* UIKit.framework in Frameworks */,
				36B7E30819A7DCE900BFFECC /* Foundation.framework in Frameworks */,
			);
			runOnlyForDeploymentPostprocessing = 0;
		};
/* End PBXFrameworksBuildPhase section */

/* Begin PBXGroup section */
		36B7E2D419A7DCE900BFFECC = {
			isa = PBXGroup;
			children = (
				36B7E2E819A7DCE900BFFECC /* Crypto_Test */,
				36B7E30C19A7DCE900BFFECC /* Crypto_TestTests */,
				36B7E2DF19A7DCE900BFFECC /* Frameworks */,
				36B7E2DE19A7DCE900BFFECC /* Products */,
			);
			sourceTree = "<group>";
		};
		36B7E2DE19A7DCE900BFFECC /* Products */ = {
			isa = PBXGroup;
			children = (
				36B7E2DD19A7DCE900BFFECC /* Crypto_Test.app */,
				36B7E30519A7DCE900BFFECC /* Crypto_TestTests.xctest */,
			);
			name = Products;
			sourceTree = "<group>";
		};
		36B7E2DF19A7DCE900BFFECC /* Frameworks */ = {
			isa = PBXGroup;
			children = (
				36B7E2E019A7DCE900BFFECC /* Foundation.framework */,
				36B7E2E219A7DCE900BFFECC /* CoreGraphics.framework */,
				36B7E2E419A7DCE900BFFECC /* UIKit.framework */,
				36B7E2E619A7DCE900BFFECC /* SpriteKit.framework */,
				36B7E30619A7DCE900BFFECC /* XCTest.framework */,
			);
			name = Frameworks;
			sourceTree = "<group>";
		};
		36B7E2E819A7DCE900BFFECC /* Crypto_Test */ = {
			isa = PBXGroup;
			children = (
				36ACCB4619AE257000AA29D4 /* CryptoImages.atlas */,
				36B7E2F119A7DCE900BFFECC /* AppDelegate.h */,
				36B7E2F219A7DCE900BFFECC /* AppDelegate.m */,
				36B7E2F419A7DCE900BFFECC /* Main.storyboard */,
				36B7E2F719A7DCE900BFFECC /* ViewController.h */,
				36B7E2F819A7DCE900BFFECC /* ViewController.m */,
				36B7E31C19A7DD1C00BFFECC /* TitleScene.h */,
				36B7E31D19A7DD1C00BFFECC /* TitleScene.m */,
				36ACCAE219A90D2700AA29D4 /* MenuScene.h */,
				36ACCAE319A90D2700AA29D4 /* MenuScene.m */,
				36B7E31F19A7DF8A00BFFECC /* MainGameScene.h */,
				36B7E32019A7DF8A00BFFECC /* MainGameScene.m */,
				36ACCAD919A7E48500AA29D4 /* KeyNode.h */,
				36ACCADA19A7E48500AA29D4 /* KeyNode.m */,
				36ACCADF19A7EB3600AA29D4 /* TileNode.h */,
				36ACCAE019A7EB3600AA29D4 /* TileNode.m */,
				36ACCADC19A7E96700AA29D4 /* RotorNode.h */,
				36ACCADD19A7E96700AA29D4 /* RotorNode.m */,
				36ACCB3D19A99DA700AA29D4 /* CreditsScene.h */,
				36ACCB3E19A99DA700AA29D4 /* CreditsScene.m */,
				36ACCB4019A99DB600AA29D4 /* ProfileScene.h */,
				36ACCB4119A99DB600AA29D4 /* ProfileScene.m */,
				36ACCB4319ABC16100AA29D4 /* WinConditionScene.h */,
				36ACCB4419ABC16100AA29D4 /* WinConditionScene.m */,
				36B7E2FF19A7DCE900BFFECC /* Images.xcassets */,
				36B7E2E919A7DCE900BFFECC /* Supporting Files */,
			);
			path = Crypto_Test;
			sourceTree = "<group>";
		};
		36B7E2E919A7DCE900BFFECC /* Supporting Files */ = {
			isa = PBXGroup;
			children = (
				36B7E2EA19A7DCE900BFFECC /* Crypto_Test-Info.plist */,
				36B7E2EB19A7DCE900BFFECC /* InfoPlist.strings */,
				36B7E2EE19A7DCE900BFFECC /* main.m */,
				36B7E2F019A7DCE900BFFECC /* Crypto_Test-Prefix.pch */,
			);
			name = "Supporting Files";
			sourceTree = "<group>";
		};
		36B7E30C19A7DCE900BFFECC /* Crypto_TestTests */ = {
			isa = PBXGroup;
			children = (
				36B7E31219A7DCE900BFFECC /* Crypto_TestTests.m */,
				36B7E30D19A7DCE900BFFECC /* Supporting Files */,
			);
			path = Crypto_TestTests;
			sourceTree = "<group>";
		};
		36B7E30D19A7DCE900BFFECC /* Supporting Files */ = {
			isa = PBXGroup;
			children = (
				36B7E30E19A7DCE900BFFECC /* Crypto_TestTests-Info.plist */,
				36B7E30F19A7DCE900BFFECC /* InfoPlist.strings */,
			);
			name = "Supporting Files";
			sourceTree = "<group>";
		};
/* End PBXGroup section */

/* Begin PBXNativeTarget section */
		36B7E2DC19A7DCE900BFFECC /* Crypto_Test */ = {
			isa = PBXNativeTarget;
			buildConfigurationList = 36B7E31619A7DCE900BFFECC /* Build configuration list for PBXNativeTarget "Crypto_Test" */;
			buildPhases = (
				36B7E2D919A7DCE900BFFECC /* Sources */,
				36B7E2DA19A7DCE900BFFECC /* Frameworks */,
				36B7E2DB19A7DCE900BFFECC /* Resources */,
			);
			buildRules = (
			);
			dependencies = (
			);
			name = Crypto_Test;
			productName = Crypto_Test;
			productReference = 36B7E2DD19A7DCE900BFFECC /* Crypto_Test.app */;
			productType = "com.apple.product-type.application";
		};
		36B7E30419A7DCE900BFFECC /* Crypto_TestTests */ = {
			isa = PBXNativeTarget;
			buildConfigurationList = 36B7E31919A7DCE900BFFECC /* Build configuration list for PBXNativeTarget "Crypto_TestTests" */;
			buildPhases = (
				36B7E30119A7DCE900BFFECC /* Sources */,
				36B7E30219A7DCE900BFFECC /* Frameworks */,
				36B7E30319A7DCE900BFFECC /* Resources */,
			);
			buildRules = (
			);
			dependencies = (
				36B7E30B19A7DCE900BFFECC /* PBXTargetDependency */,
			);
			name = Crypto_TestTests;
			productName = Crypto_TestTests;
			productReference = 36B7E30519A7DCE900BFFECC /* Crypto_TestTests.xctest */;
			productType = "com.apple.product-type.bundle.unit-test";
		};
/* End PBXNativeTarget section */

/* Begin PBXProject section */
		36B7E2D519A7DCE900BFFECC /* Project object */ = {
			isa = PBXProject;
			attributes = {
				LastUpgradeCheck = 0510;
				ORGANIZATIONNAME = "Mobile Makers";
				TargetAttributes = {
					36B7E30419A7DCE900BFFECC = {
						TestTargetID = 36B7E2DC19A7DCE900BFFECC;
					};
				};
			};
			buildConfigurationList = 36B7E2D819A7DCE900BFFECC /* Build configuration list for PBXProject "Crypto_Test" */;
			compatibilityVersion = "Xcode 3.2";
			developmentRegion = English;
			hasScannedForEncodings = 0;
			knownRegions = (
				en,
				Base,
			);
			mainGroup = 36B7E2D419A7DCE900BFFECC;
			productRefGroup = 36B7E2DE19A7DCE900BFFECC /* Products */;
			projectDirPath = "";
			projectRoot = "";
			targets = (
				36B7E2DC19A7DCE900BFFECC /* Crypto_Test */,
				36B7E30419A7DCE900BFFECC /* Crypto_TestTests */,
			);
		};
/* End PBXProject section */

/* Begin PBXResourcesBuildPhase section */
		36B7E2DB19A7DCE900BFFECC /* Resources */ = {
			isa = PBXResourcesBuildPhase;
			buildActionMask = 2147483647;
			files = (
				36ACCB4719AE257000AA29D4 /* CryptoImages.atlas in Resources */,
				36B7E2ED19A7DCE900BFFECC /* InfoPlist.strings in Resources */,
				36B7E30019A7DCE900BFFECC /* Images.xcassets in Resources */,
				36B7E2F619A7DCE900BFFECC /* Main.storyboard in Resources */,
			);
			runOnlyForDeploymentPostprocessing = 0;
		};
		36B7E30319A7DCE900BFFECC /* Resources */ = {
			isa = PBXResourcesBuildPhase;
			buildActionMask = 2147483647;
			files = (
				36B7E31119A7DCE900BFFECC /* InfoPlist.strings in Resources */,
			);
			runOnlyForDeploymentPostprocessing = 0;
		};
/* End PBXResourcesBuildPhase section */

/* Begin PBXSourcesBuildPhase section */
		36B7E2D919A7DCE900BFFECC /* Sources */ = {
			isa = PBXSourcesBuildPhase;
			buildActionMask = 2147483647;
			files = (
				36B7E2F919A7DCE900BFFECC /* ViewController.m in Sources */,
				36ACCAE119A7EB3600AA29D4 /* TileNode.m in Sources */,
				36ACCADE19A7E96700AA29D4 /* RotorNode.m in Sources */,
				36B7E2F319A7DCE900BFFECC /* AppDelegate.m in Sources */,
				36B7E2EF19A7DCE900BFFECC /* main.m in Sources */,
				36ACCB4519ABC16100AA29D4 /* WinConditionScene.m in Sources */,
				36ACCADB19A7E48500AA29D4 /* KeyNode.m in Sources */,
				36ACCAE419A90D2700AA29D4 /* MenuScene.m in Sources */,
				36ACCB3F19A99DA700AA29D4 /* CreditsScene.m in Sources */,
				36B7E32119A7DF8A00BFFECC /* MainGameScene.m in Sources */,
				36B7E31E19A7DD1C00BFFECC /* TitleScene.m in Sources */,
				36ACCB4219A99DB600AA29D4 /* ProfileScene.m in Sources */,
			);
			runOnlyForDeploymentPostprocessing = 0;
		};
		36B7E30119A7DCE900BFFECC /* Sources */ = {
			isa = PBXSourcesBuildPhase;
			buildActionMask = 2147483647;
			files = (
				36B7E31319A7DCE900BFFECC /* Crypto_TestTests.m in Sources */,
			);
			runOnlyForDeploymentPostprocessing = 0;
		};
/* End PBXSourcesBuildPhase section */

/* Begin PBXTargetDependency section */
		36B7E30B19A7DCE900BFFECC /* PBXTargetDependency */ = {
			isa = PBXTargetDependency;
			target = 36B7E2DC19A7DCE900BFFECC /* Crypto_Test */;
			targetProxy = 36B7E30A19A7DCE900BFFECC /* PBXContainerItemProxy */;
		};
/* End PBXTargetDependency section */

/* Begin PBXVariantGroup section */
		36B7E2EB19A7DCE900BFFECC /* InfoPlist.strings */ = {
			isa = PBXVariantGroup;
			children = (
				36B7E2EC19A7DCE900BFFECC /* en */,
			);
			name = InfoPlist.strings;
			sourceTree = "<group>";
		};
		36B7E2F419A7DCE900BFFECC /* Main.storyboard */ = {
			isa = PBXVariantGroup;
			children = (
				36B7E2F519A7DCE900BFFECC /* Base */,
			);
			name = Main.storyboard;
			sourceTree = "<group>";
		};
		36B7E30F19A7DCE900BFFECC /* InfoPlist.strings */ = {
			isa = PBXVariantGroup;
			children = (
				36B7E31019A7DCE900BFFECC /* en */,
			);
			name = InfoPlist.strings;
			sourceTree = "<group>";
		};
/* End PBXVariantGroup section */

/* Begin XCBuildConfiguration section */
		36B7E31419A7DCE900BFFECC /* Debug */ = {
			isa = XCBuildConfiguration;
			buildSettings = {
				ALWAYS_SEARCH_USER_PATHS = NO;
				CLANG_CXX_LANGUAGE_STANDARD = "gnu++0x";
				CLANG_CXX_LIBRARY = "libc++";
				CLANG_ENABLE_MODULES = YES;
				CLANG_ENABLE_OBJC_ARC = YES;
				CLANG_WARN_BOOL_CONVERSION = YES;
				CLANG_WARN_CONSTANT_CONVERSION = YES;
				CLANG_WARN_DIRECT_OBJC_ISA_USAGE = YES_ERROR;
				CLANG_WARN_EMPTY_BODY = YES;
				CLANG_WARN_ENUM_CONVERSION = YES;
				CLANG_WARN_INT_CONVERSION = YES;
				CLANG_WARN_OBJC_ROOT_CLASS = YES_ERROR;
				CLANG_WARN__DUPLICATE_METHOD_MATCH = YES;
				"CODE_SIGN_IDENTITY[sdk=iphoneos*]" = "iPhone Developer";
				COPY_PHASE_STRIP = NO;
				GCC_C_LANGUAGE_STANDARD = gnu99;
				GCC_DYNAMIC_NO_PIC = NO;
				GCC_OPTIMIZATION_LEVEL = 0;
				GCC_PREPROCESSOR_DEFINITIONS = (
					"DEBUG=1",
					"$(inherited)",
				);
				GCC_SYMBOLS_PRIVATE_EXTERN = NO;
				GCC_WARN_64_TO_32_BIT_CONVERSION = YES;
				GCC_WARN_ABOUT_RETURN_TYPE = YES_ERROR;
				GCC_WARN_UNDECLARED_SELECTOR = YES;
				GCC_WARN_UNINITIALIZED_AUTOS = YES_AGGRESSIVE;
				GCC_WARN_UNUSED_FUNCTION = YES;
				GCC_WARN_UNUSED_VARIABLE = YES;
				IPHONEOS_DEPLOYMENT_TARGET = 7.1;
				ONLY_ACTIVE_ARCH = YES;
				SDKROOT = iphoneos;
			};
			name = Debug;
		};
		36B7E31519A7DCE900BFFECC /* Release */ = {
			isa = XCBuildConfiguration;
			buildSettings = {
				ALWAYS_SEARCH_USER_PATHS = NO;
				CLANG_CXX_LANGUAGE_STANDARD = "gnu++0x";
				CLANG_CXX_LIBRARY = "libc++";
				CLANG_ENABLE_MODULES = YES;
				CLANG_ENABLE_OBJC_ARC = YES;
				CLANG_WARN_BOOL_CONVERSION = YES;
				CLANG_WARN_CONSTANT_CONVERSION = YES;
				CLANG_WARN_DIRECT_OBJC_ISA_USAGE = YES_ERROR;
				CLANG_WARN_EMPTY_BODY = YES;
				CLANG_WARN_ENUM_CONVERSION = YES;
				CLANG_WARN_INT_CONVERSION = YES;
				CLANG_WARN_OBJC_ROOT_CLASS = YES_ERROR;
				CLANG_WARN__DUPLICATE_METHOD_MATCH = YES;
				"CODE_SIGN_IDENTITY[sdk=iphoneos*]" = "iPhone Developer";
				COPY_PHASE_STRIP = YES;
				ENABLE_NS_ASSERTIONS = NO;
				GCC_C_LANGUAGE_STANDARD = gnu99;
				GCC_WARN_64_TO_32_BIT_CONVERSION = YES;
				GCC_WARN_ABOUT_RETURN_TYPE = YES_ERROR;
				GCC_WARN_UNDECLARED_SELECTOR = YES;
				GCC_WARN_UNINITIALIZED_AUTOS = YES_AGGRESSIVE;
				GCC_WARN_UNUSED_FUNCTION = YES;
				GCC_WARN_UNUSED_VARIABLE = YES;
				IPHONEOS_DEPLOYMENT_TARGET = 7.1;
				SDKROOT = iphoneos;
				VALIDATE_PRODUCT = YES;
			};
			name = Release;
		};
		36B7E31719A7DCE900BFFECC /* Debug */ = {
			isa = XCBuildConfiguration;
			buildSettings = {
				ASSETCATALOG_COMPILER_APPICON_NAME = AppIcon;
				ASSETCATALOG_COMPILER_LAUNCHIMAGE_NAME = LaunchImage;
				GCC_PRECOMPILE_PREFIX_HEADER = YES;
				GCC_PREFIX_HEADER = "Crypto_Test/Crypto_Test-Prefix.pch";
				INFOPLIST_FILE = "Crypto_Test/Crypto_Test-Info.plist";
				PRODUCT_NAME = "$(TARGET_NAME)";
				SPRITEKIT_TEXTURE_ATLAS_OUTPUT = YES;
				WRAPPER_EXTENSION = app;
			};
			name = Debug;
		};
		36B7E31819A7DCE900BFFECC /* Release */ = {
			isa = XCBuildConfiguration;
			buildSettings = {
				ASSETCATALOG_COMPILER_APPICON_NAME = AppIcon;
				ASSETCATALOG_COMPILER_LAUNCHIMAGE_NAME = LaunchImage;
				GCC_PRECOMPILE_PREFIX_HEADER = YES;
				GCC_PREFIX_HEADER = "Crypto_Test/Crypto_Test-Prefix.pch";
				INFOPLIST_FILE = "Crypto_Test/Crypto_Test-Info.plist";
				PRODUCT_NAME = "$(TARGET_NAME)";
				SPRITEKIT_TEXTURE_ATLAS_OUTPUT = YES;
				WRAPPER_EXTENSION = app;
			};
			name = Release;
		};
		36B7E31A19A7DCE900BFFECC /* Debug */ = {
			isa = XCBuildConfiguration;
			buildSettings = {
				BUNDLE_LOADER = "$(BUILT_PRODUCTS_DIR)/Crypto_Test.app/Crypto_Test";
				FRAMEWORK_SEARCH_PATHS = (
					"$(SDKROOT)/Developer/Library/Frameworks",
					"$(inherited)",
					"$(DEVELOPER_FRAMEWORKS_DIR)",
				);
				GCC_PRECOMPILE_PREFIX_HEADER = YES;
				GCC_PREFIX_HEADER = "Crypto_Test/Crypto_Test-Prefix.pch";
				GCC_PREPROCESSOR_DEFINITIONS = (
					"DEBUG=1",
					"$(inherited)",
				);
				INFOPLIST_FILE = "Crypto_TestTests/Crypto_TestTests-Info.plist";
				PRODUCT_NAME = "$(TARGET_NAME)";
				TEST_HOST = "$(BUNDLE_LOADER)";
				WRAPPER_EXTENSION = xctest;
			};
			name = Debug;
		};
		36B7E31B19A7DCE900BFFECC /* Release */ = {
			isa = XCBuildConfiguration;
			buildSettings = {
				BUNDLE_LOADER = "$(BUILT_PRODUCTS_DIR)/Crypto_Test.app/Crypto_Test";
				FRAMEWORK_SEARCH_PATHS = (
					"$(SDKROOT)/Developer/Library/Frameworks",
					"$(inherited)",
					"$(DEVELOPER_FRAMEWORKS_DIR)",
				);
				GCC_PRECOMPILE_PREFIX_HEADER = YES;
				GCC_PREFIX_HEADER = "Crypto_Test/Crypto_Test-Prefix.pch";
				INFOPLIST_FILE = "Crypto_TestTests/Crypto_TestTests-Info.plist";
				PRODUCT_NAME = "$(TARGET_NAME)";
				TEST_HOST = "$(BUNDLE_LOADER)";
				WRAPPER_EXTENSION = xctest;
			};
			name = Release;
		};
/* End XCBuildConfiguration section */

/* Begin XCConfigurationList section */
		36B7E2D819A7DCE900BFFECC /* Build configuration list for PBXProject "Crypto_Test" */ = {
			isa = XCConfigurationList;
			buildConfigurations = (
				36B7E31419A7DCE900BFFECC /* Debug */,
				36B7E31519A7DCE900BFFECC /* Release */,
			);
			defaultConfigurationIsVisible = 0;
			defaultConfigurationName = Release;
		};
		36B7E31619A7DCE900BFFECC /* Build configuration list for PBXNativeTarget "Crypto_Test" */ = {
			isa = XCConfigurationList;
			buildConfigurations = (
				36B7E31719A7DCE900BFFECC /* Debug */,
				36B7E31819A7DCE900BFFECC /* Release */,
			);
			defaultConfigurationIsVisible = 0;
			defaultConfigurationName = Release;
		};
		36B7E31919A7DCE900BFFECC /* Build configuration list for PBXNativeTarget "Crypto_TestTests" */ = {
			isa = XCConfigurationList;
			buildConfigurations = (
				36B7E31A19A7DCE900BFFECC /* Debug */,
				36B7E31B19A7DCE900BFFECC /* Release */,
			);
			defaultConfigurationIsVisible = 0;
			defaultConfigurationName = Release;
		};
/* End XCConfigurationList section */
	};
	rootObject = 36B7E2D519A7DCE900BFFECC /* Project object */;
}
